
Microsoft Visual Studio Solution File, Format Version 12.00
# Visual Studio 15
VisualStudioVersion = 15.0.28010.2026
MinimumVisualStudioVersion = 10.0.40219.1
Project("{FAE04EC0-301F-11D3-BF4B-00C04F79EFBC}") = "ListDevices", "ListDevices\ListDevices.csproj", "{0E51522F-0370-452A-921B-801D497795D3}"
EndProject
Project("{FAE04EC0-301F-11D3-BF4B-00C04F79EFBC}") = "USBClassLibrary", "ListDevices\USBClassLibrary\USBClassLibrary.csproj", "{B89A0E26-8A40-4EB2-BEEC-100359BCE76E}"
EndProject
Global
	GlobalSection(SolutionConfigurationPlatforms) = preSolution
		Debug|Any CPU = Debug|Any CPU
		Release|Any CPU = Release|Any CPU
	EndGlobalSection
	GlobalSection(ProjectConfigurationPlatforms) = postSolution
		{0E51522F-0370-452A-921B-801D497795D3}.Debug|Any CPU.ActiveCfg = Debug|Any CPU
		{0E51522F-0370-452A-921B-801D497795D3}.Debug|Any CPU.Build.0 = Debug|Any CPU
		{0E51522F-0370-452A-921B-801D497795D3}.Release|Any CPU.ActiveCfg = Release|Any CPU
		{0E51522F-0370-452A-921B-801D497795D3}.Release|Any CPU.Build.0 = Release|Any CPU
		{B89A0E26-8A40-4EB2-BEEC-100359BCE76E}.Debug|Any CPU.ActiveCfg = Debug|Any CPU
		{B89A0E26-8A40-4EB2-BEEC-100359BCE76E}.Debug|Any CPU.Build.0 = Debug|Any CPU
		{B89A0E26-8A40-4EB2-BEEC-100359BCE76E}.Release|Any CPU.ActiveCfg = Release|Any CPU
		{B89A0E26-8A40-4EB2-BEEC-100359BCE76E}.Release|Any CPU.Build.0 = Release|Any CPU
	EndGlobalSection
	GlobalSection(SolutionProperties) = preSolution
		HideSolutionNode = FALSE
	EndGlobalSection
	GlobalSection(ExtensibilityGlobals) = postSolution
		SolutionGuid = {52A5CB5A-6730-4E19-9B37-3252B7187F34}
	EndGlobalSection
EndGlobal
