
Microsoft Visual Studio Solution File, Format Version 12.00
# Visual Studio 15
VisualStudioVersion = 15.0.28010.2026
MinimumVisualStudioVersion = 10.0.40219.1
Project("{FAE04EC0-301F-11D3-BF4B-00C04F79EFBC}") = "RackaKey", "RackaKey\RackaKey.csproj", "{34B4AEC6-3A17-4A61-B853-337F2E7F7E04}"
EndProject
Global
	GlobalSection(SolutionConfigurationPlatforms) = preSolution
		Debug|Any CPU = Debug|Any CPU
		Release|Any CPU = Release|Any CPU
	EndGlobalSection
	GlobalSection(ProjectConfigurationPlatforms) = postSolution
		{34B4AEC6-3A17-4A61-B853-337F2E7F7E04}.Debug|Any CPU.ActiveCfg = Debug|Any CPU
		{34B4AEC6-3A17-4A61-B853-337F2E7F7E04}.Debug|Any CPU.Build.0 = Debug|Any CPU
		{34B4AEC6-3A17-4A61-B853-337F2E7F7E04}.Release|Any CPU.ActiveCfg = Release|Any CPU
		{34B4AEC6-3A17-4A61-B853-337F2E7F7E04}.Release|Any CPU.Build.0 = Release|Any CPU
	EndGlobalSection
	GlobalSection(SolutionProperties) = preSolution
		HideSolutionNode = FALSE
	EndGlobalSection
	GlobalSection(ExtensibilityGlobals) = postSolution
		SolutionGuid = {D8AA2BCE-87A3-493F-863E-DF4E57CC4F06}
	EndGlobalSection
EndGlobal
